
Microsoft Visual Studio Solution File, Format Version 12.00
# Visual Studio Version 16
VisualStudioVersion = 16.0.30330.147
MinimumVisualStudioVersion = 10.0.40219.1
Project("{FAE04EC0-301F-11D3-BF4B-00C04F79EFBC}") = "Kalender", "Kalender\Kalender.csproj", "{8E2E40DE-513E-43E3-AF45-44A8B231720A}"
EndProject
Global
	GlobalSection(SolutionConfigurationPlatforms) = preSolution
		Debug|Any CPU = Debug|Any CPU
		Debug|x64 = Debug|x64
		Release|Any CPU = Release|Any CPU
		Release|x64 = Release|x64
	EndGlobalSection
	GlobalSection(ProjectConfigurationPlatforms) = postSolution
		{8E2E40DE-513E-43E3-AF45-44A8B231720A}.Debug|Any CPU.ActiveCfg = Debug|Any CPU
		{8E2E40DE-513E-43E3-AF45-44A8B231720A}.Debug|Any CPU.Build.0 = Debug|Any CPU
		{8E2E40DE-513E-43E3-AF45-44A8B231720A}.Debug|x64.ActiveCfg = Release|x64
		{8E2E40DE-513E-43E3-AF45-44A8B231720A}.Debug|x64.Build.0 = Release|x64
		{8E2E40DE-513E-43E3-AF45-44A8B231720A}.Release|Any CPU.ActiveCfg = Release|Any CPU
		{8E2E40DE-513E-43E3-AF45-44A8B231720A}.Release|Any CPU.Build.0 = Release|Any CPU
		{8E2E40DE-513E-43E3-AF45-44A8B231720A}.Release|x64.ActiveCfg = Release|x64
		{8E2E40DE-513E-43E3-AF45-44A8B231720A}.Release|x64.Build.0 = Release|x64
	EndGlobalSection
	GlobalSection(SolutionProperties) = preSolution
		HideSolutionNode = FALSE
	EndGlobalSection
	GlobalSection(ExtensibilityGlobals) = postSolution
		SolutionGuid = {D90AEDE9-F160-4D31-B2F3-BA69381509C8}
	EndGlobalSection
EndGlobal
